
Microsoft Visual Studio Solution File, Format Version 12.00
# Visual Studio Version 17
VisualStudioVersion = 17.14.36109.1 d17.14
MinimumVisualStudioVersion = 10.0.40219.1
Project("{FAE04EC0-301F-11D3-BF4B-00C04F79EFBC}") = "proyectoUNP", "proyectoUNP\proyectoUNP.csproj", "{40458628-4D77-49E5-8DC4-81F4F52B52B8}"
EndProject
Global
	GlobalSection(SolutionConfigurationPlatforms) = preSolution
		Debug|Any CPU = Debug|Any CPU
		Release|Any CPU = Release|Any CPU
	EndGlobalSection
	GlobalSection(ProjectConfigurationPlatforms) = postSolution
		{40458628-4D77-49E5-8DC4-81F4F52B52B8}.Debug|Any CPU.ActiveCfg = Debug|Any CPU
		{40458628-4D77-49E5-8DC4-81F4F52B52B8}.Debug|Any CPU.Build.0 = Debug|Any CPU
		{40458628-4D77-49E5-8DC4-81F4F52B52B8}.Release|Any CPU.ActiveCfg = Release|Any CPU
		{40458628-4D77-49E5-8DC4-81F4F52B52B8}.Release|Any CPU.Build.0 = Release|Any CPU
	EndGlobalSection
	GlobalSection(SolutionProperties) = preSolution
		HideSolutionNode = FALSE
	EndGlobalSection
	GlobalSection(ExtensibilityGlobals) = postSolution
		SolutionGuid = {3383A344-2F70-4C62-9171-BAE20438D12A}
	EndGlobalSection
EndGlobal
